// !$*UTF8*$!
{
	archiveVersion = 1;
	classes = {
	};
	objectVersion = 50;
	objects = {

/* Begin PBXBuildFile section */
		631894FD22AF282400DB3FCB /* Pagination.swift in Sources */ = {isa = PBXBuildFile; fileRef = 631894FC22AF282400DB3FCB /* Pagination.swift */; };
		633C6DF5225DAF4C006CDFF4 /* loading.json in Resources */ = {isa = PBXBuildFile; fileRef = 633C6DF1225DAF4C006CDFF4 /* loading.json */; };
		633C6DF6225DAF4C006CDFF4 /* connection-error.json in Resources */ = {isa = PBXBuildFile; fileRef = 633C6DF2225DAF4C006CDFF4 /* connection-error.json */; };
		633C6DF7225DAF4C006CDFF4 /* not-found.json in Resources */ = {isa = PBXBuildFile; fileRef = 633C6DF3225DAF4C006CDFF4 /* not-found.json */; };
		633C6DF8225DAF4C006CDFF4 /* network_error.json in Resources */ = {isa = PBXBuildFile; fileRef = 633C6DF4225DAF4C006CDFF4 /* network_error.json */; };
		633C6DFB225DAFDE006CDFF4 /* LottieAnimation.swift in Sources */ = {isa = PBXBuildFile; fileRef = 633C6DFA225DAFDE006CDFF4 /* LottieAnimation.swift */; };
		63586CD42242F8DC00884EC8 /* TvModel.swift in Sources */ = {isa = PBXBuildFile; fileRef = 63586CD32242F8DC00884EC8 /* TvModel.swift */; };
		63586CD6224303B700884EC8 /* TvService.swift in Sources */ = {isa = PBXBuildFile; fileRef = 63586CD5224303B700884EC8 /* TvService.swift */; };
		6359D26E22501B78004CCA3E /* TvShowCell.swift in Sources */ = {isa = PBXBuildFile; fileRef = 6359D26C22501B78004CCA3E /* TvShowCell.swift */; };
		6359D26F22501B78004CCA3E /* TvShowCell.xib in Resources */ = {isa = PBXBuildFile; fileRef = 6359D26D22501B78004CCA3E /* TvShowCell.xib */; };
		6359D2712250FB11004CCA3E /* TvViewData.swift in Sources */ = {isa = PBXBuildFile; fileRef = 6359D2702250FB11004CCA3E /* TvViewData.swift */; };
		6359D27322524F2D004CCA3E /* GenreRouter.swift in Sources */ = {isa = PBXBuildFile; fileRef = 6359D27222524F2D004CCA3E /* GenreRouter.swift */; };
		6359D27722525367004CCA3E /* GenreService.swift in Sources */ = {isa = PBXBuildFile; fileRef = 6359D27622525367004CCA3E /* GenreService.swift */; };
		6359D2792252541B004CCA3E /* Genre.swift in Sources */ = {isa = PBXBuildFile; fileRef = 6359D2782252541B004CCA3E /* Genre.swift */; };
		6359D27B22531712004CCA3E /* Constants.swift in Sources */ = {isa = PBXBuildFile; fileRef = 6359D27A22531712004CCA3E /* Constants.swift */; };
		636C5DBA225D37580015CE20 /* MainCoreData.swift in Sources */ = {isa = PBXBuildFile; fileRef = 636C5DB9225D37580015CE20 /* MainCoreData.swift */; };
		636C5DBE225D38310015CE20 /* Best_Series.xcdatamodeld in Sources */ = {isa = PBXBuildFile; fileRef = 636C5DBC225D38310015CE20 /* Best_Series.xcdatamodeld */; };
		636C5DC0225D39520015CE20 /* FavoriteManager.swift in Sources */ = {isa = PBXBuildFile; fileRef = 636C5DBF225D39520015CE20 /* FavoriteManager.swift */; };
		636C5DC4225D5DC40015CE20 /* FavoriteCell.swift in Sources */ = {isa = PBXBuildFile; fileRef = 636C5DC2225D5DC40015CE20 /* FavoriteCell.swift */; };
		636C5DC5225D5DC40015CE20 /* FavoriteCell.xib in Resources */ = {isa = PBXBuildFile; fileRef = 636C5DC3225D5DC40015CE20 /* FavoriteCell.xib */; };
		636C5DC7225D73670015CE20 /* FavoriteViewModel.swift in Sources */ = {isa = PBXBuildFile; fileRef = 636C5DC6225D73670015CE20 /* FavoriteViewModel.swift */; };
		6375479C227DDDB40028B82F /* FavoriteHelper.swift in Sources */ = {isa = PBXBuildFile; fileRef = 6375479B227DDDB40028B82F /* FavoriteHelper.swift */; };
		637547A1227E29C10028B82F /* tvShows.json in Resources */ = {isa = PBXBuildFile; fileRef = 637547A0227E29C10028B82F /* tvShows.json */; };
		637547A2227E29C10028B82F /* tvShows.json in Resources */ = {isa = PBXBuildFile; fileRef = 637547A0227E29C10028B82F /* tvShows.json */; };
		637547A4227E2A870028B82F /* mockService.swift in Sources */ = {isa = PBXBuildFile; fileRef = 637547A3227E2A870028B82F /* mockService.swift */; };
		637547A8227E99020028B82F /* SystemConfiguration.swift in Sources */ = {isa = PBXBuildFile; fileRef = 637547A7227E99020028B82F /* SystemConfiguration.swift */; };
		637547A9227E99020028B82F /* SystemConfiguration.swift in Sources */ = {isa = PBXBuildFile; fileRef = 637547A7227E99020028B82F /* SystemConfiguration.swift */; };
		6385B77C2258576F00A72602 /* Reachability.swift in Sources */ = {isa = PBXBuildFile; fileRef = 6385B77A2258576E00A72602 /* Reachability.swift */; };
		6385B77D2258576F00A72602 /* CheckInternetConnection.swift in Sources */ = {isa = PBXBuildFile; fileRef = 6385B77B2258576E00A72602 /* CheckInternetConnection.swift */; };
		6385B780225857F000A72602 /* Error.swift in Sources */ = {isa = PBXBuildFile; fileRef = 6385B77F225857F000A72602 /* Error.swift */; };
		638C9ADB223AECDE006D5D9C /* AppDelegate.swift in Sources */ = {isa = PBXBuildFile; fileRef = 638C9ADA223AECDE006D5D9C /* AppDelegate.swift */; };
		638C9AE2223AECDE006D5D9C /* Main.storyboard in Resources */ = {isa = PBXBuildFile; fileRef = 638C9AE0223AECDE006D5D9C /* Main.storyboard */; };
		638C9AE7223AECE0006D5D9C /* LaunchScreen.storyboard in Resources */ = {isa = PBXBuildFile; fileRef = 638C9AE5223AECE0006D5D9C /* LaunchScreen.storyboard */; };
		638C9AF2223AECE1006D5D9C /* MovsTests.swift in Sources */ = {isa = PBXBuildFile; fileRef = 638C9AF1223AECE1006D5D9C /* MovsTests.swift */; };
		638C9AFD223AECE1006D5D9C /* MovsUITests.swift in Sources */ = {isa = PBXBuildFile; fileRef = 638C9AFC223AECE1006D5D9C /* MovsUITests.swift */; };
		638C9B14223AFA2B006D5D9C /* FavoriteTVShowViewController.swift in Sources */ = {isa = PBXBuildFile; fileRef = 638C9B13223AFA2B006D5D9C /* FavoriteTVShowViewController.swift */; };
		638C9B16223AFA34006D5D9C /* HomeTVShowViewController.swift in Sources */ = {isa = PBXBuildFile; fileRef = 638C9B15223AFA34006D5D9C /* HomeTVShowViewController.swift */; };
		638C9B1D223AFF04006D5D9C /* Assets.xcassets in Resources */ = {isa = PBXBuildFile; fileRef = 638C9B1C223AFF04006D5D9C /* Assets.xcassets */; };
		639E2F21223ECA2300C69E3F /* Moya.framework in Frameworks */ = {isa = PBXBuildFile; fileRef = 639E2F20223ECA2300C69E3F /* Moya.framework */; };
		639E2F23223ECA9100C69E3F /* RxSwift.framework in Frameworks */ = {isa = PBXBuildFile; fileRef = 639E2F22223ECA9100C69E3F /* RxSwift.framework */; };
		63CB07FC22AC38AD0061DDCE /* empty.json in Resources */ = {isa = PBXBuildFile; fileRef = 63CB07FB22AC38AC0061DDCE /* empty.json */; };
		63D02F46226785FD00E5AAEA /* String.swift in Sources */ = {isa = PBXBuildFile; fileRef = 63D02F45226785FD00E5AAEA /* String.swift */; };
		63D02F872267E49A00E5AAEA /* ShowViewController.swift in Sources */ = {isa = PBXBuildFile; fileRef = 63D02F862267E49A00E5AAEA /* ShowViewController.swift */; };
		63EE3AC6223FFC4900C9D882 /* TmdbRouter.swift in Sources */ = {isa = PBXBuildFile; fileRef = 63EE3AC5223FFC4900C9D882 /* TmdbRouter.swift */; };
		63EE3AC822400FC000C9D882 /* HomeViewModel.swift in Sources */ = {isa = PBXBuildFile; fileRef = 63EE3AC722400FC000C9D882 /* HomeViewModel.swift */; };
		63FDB78A2266795800B460D6 /* ImageHelper.swift in Sources */ = {isa = PBXBuildFile; fileRef = 63FDB7892266795800B460D6 /* ImageHelper.swift */; };
		77D8E19D9A9461868E29E03C /* Pods_Movs.framework in Frameworks */ = {isa = PBXBuildFile; fileRef = AC248A5B3A7F233BF8C20F29 /* Pods_Movs.framework */; };
/* End PBXBuildFile section */

/* Begin PBXContainerItemProxy section */
		638C9AEE223AECE1006D5D9C /* PBXContainerItemProxy */ = {
			isa = PBXContainerItemProxy;
			containerPortal = 638C9ACF223AECDE006D5D9C /* Project object */;
			proxyType = 1;
			remoteGlobalIDString = 638C9AD6223AECDE006D5D9C;
			remoteInfo = Movs;
		};
		638C9AF9223AECE1006D5D9C /* PBXContainerItemProxy */ = {
			isa = PBXContainerItemProxy;
			containerPortal = 638C9ACF223AECDE006D5D9C /* Project object */;
			proxyType = 1;
			remoteGlobalIDString = 638C9AD6223AECDE006D5D9C;
			remoteInfo = Movs;
		};
/* End PBXContainerItemProxy section */

/* Begin PBXFileReference section */
		0307B32735E6256514DAFC70 /* Pods-Movs.debug.xcconfig */ = {isa = PBXFileReference; includeInIndex = 1; lastKnownFileType = text.xcconfig; name = "Pods-Movs.debug.xcconfig"; path = "Pods/Target Support Files/Pods-Movs/Pods-Movs.debug.xcconfig"; sourceTree = "<group>"; };
		631894FC22AF282400DB3FCB /* Pagination.swift */ = {isa = PBXFileReference; lastKnownFileType = sourcecode.swift; path = Pagination.swift; sourceTree = "<group>"; };
		633C6DF1225DAF4C006CDFF4 /* loading.json */ = {isa = PBXFileReference; fileEncoding = 4; lastKnownFileType = text.json; path = loading.json; sourceTree = "<group>"; };
		633C6DF2225DAF4C006CDFF4 /* connection-error.json */ = {isa = PBXFileReference; fileEncoding = 4; lastKnownFileType = text.json; path = "connection-error.json"; sourceTree = "<group>"; };
		633C6DF3225DAF4C006CDFF4 /* not-found.json */ = {isa = PBXFileReference; fileEncoding = 4; lastKnownFileType = text.json; path = "not-found.json"; sourceTree = "<group>"; };
		633C6DF4225DAF4C006CDFF4 /* network_error.json */ = {isa = PBXFileReference; fileEncoding = 4; lastKnownFileType = text.json; path = network_error.json; sourceTree = "<group>"; };
		633C6DFA225DAFDE006CDFF4 /* LottieAnimation.swift */ = {isa = PBXFileReference; lastKnownFileType = sourcecode.swift; path = LottieAnimation.swift; sourceTree = "<group>"; };
		63586CD32242F8DC00884EC8 /* TvModel.swift */ = {isa = PBXFileReference; lastKnownFileType = sourcecode.swift; path = TvModel.swift; sourceTree = "<group>"; };
		63586CD5224303B700884EC8 /* TvService.swift */ = {isa = PBXFileReference; lastKnownFileType = sourcecode.swift; path = TvService.swift; sourceTree = "<group>"; };
		6359D26C22501B78004CCA3E /* TvShowCell.swift */ = {isa = PBXFileReference; lastKnownFileType = sourcecode.swift; path = TvShowCell.swift; sourceTree = "<group>"; };
		6359D26D22501B78004CCA3E /* TvShowCell.xib */ = {isa = PBXFileReference; lastKnownFileType = file.xib; path = TvShowCell.xib; sourceTree = "<group>"; };
		6359D2702250FB11004CCA3E /* TvViewData.swift */ = {isa = PBXFileReference; lastKnownFileType = sourcecode.swift; path = TvViewData.swift; sourceTree = "<group>"; };
		6359D27222524F2D004CCA3E /* GenreRouter.swift */ = {isa = PBXFileReference; lastKnownFileType = sourcecode.swift; path = GenreRouter.swift; sourceTree = "<group>"; };
		6359D27622525367004CCA3E /* GenreService.swift */ = {isa = PBXFileReference; lastKnownFileType = sourcecode.swift; path = GenreService.swift; sourceTree = "<group>"; };
		6359D2782252541B004CCA3E /* Genre.swift */ = {isa = PBXFileReference; lastKnownFileType = sourcecode.swift; path = Genre.swift; sourceTree = "<group>"; };
		6359D27A22531712004CCA3E /* Constants.swift */ = {isa = PBXFileReference; lastKnownFileType = sourcecode.swift; name = Constants.swift; path = Movs/Main/Model/Constants.swift; sourceTree = SOURCE_ROOT; };
		636C5DB9225D37580015CE20 /* MainCoreData.swift */ = {isa = PBXFileReference; lastKnownFileType = sourcecode.swift; path = MainCoreData.swift; sourceTree = "<group>"; };
		636C5DBD225D38310015CE20 /* Best_Series.xcdatamodel */ = {isa = PBXFileReference; lastKnownFileType = wrapper.xcdatamodel; path = Best_Series.xcdatamodel; sourceTree = "<group>"; };
		636C5DBF225D39520015CE20 /* FavoriteManager.swift */ = {isa = PBXFileReference; lastKnownFileType = sourcecode.swift; path = FavoriteManager.swift; sourceTree = "<group>"; };
		636C5DC2225D5DC40015CE20 /* FavoriteCell.swift */ = {isa = PBXFileReference; lastKnownFileType = sourcecode.swift; path = FavoriteCell.swift; sourceTree = "<group>"; };
		636C5DC3225D5DC40015CE20 /* FavoriteCell.xib */ = {isa = PBXFileReference; lastKnownFileType = file.xib; path = FavoriteCell.xib; sourceTree = "<group>"; };
		636C5DC6225D73670015CE20 /* FavoriteViewModel.swift */ = {isa = PBXFileReference; lastKnownFileType = sourcecode.swift; path = FavoriteViewModel.swift; sourceTree = "<group>"; };
		6375479B227DDDB40028B82F /* FavoriteHelper.swift */ = {isa = PBXFileReference; lastKnownFileType = sourcecode.swift; path = FavoriteHelper.swift; sourceTree = "<group>"; };
		637547A0227E29C10028B82F /* tvShows.json */ = {isa = PBXFileReference; fileEncoding = 4; lastKnownFileType = text.json; name = tvShows.json; path = "../../../../../../Desktop/Json Files/tvShows.json"; sourceTree = "<group>"; };
		637547A3227E2A870028B82F /* mockService.swift */ = {isa = PBXFileReference; lastKnownFileType = sourcecode.swift; path = mockService.swift; sourceTree = "<group>"; };
		637547A7227E99020028B82F /* SystemConfiguration.swift */ = {isa = PBXFileReference; lastKnownFileType = sourcecode.swift; path = SystemConfiguration.swift; sourceTree = "<group>"; };
		6385B77A2258576E00A72602 /* Reachability.swift */ = {isa = PBXFileReference; fileEncoding = 4; lastKnownFileType = sourcecode.swift; path = Reachability.swift; sourceTree = "<group>"; };
		6385B77B2258576E00A72602 /* CheckInternetConnection.swift */ = {isa = PBXFileReference; fileEncoding = 4; lastKnownFileType = sourcecode.swift; path = CheckInternetConnection.swift; sourceTree = "<group>"; };
		6385B77F225857F000A72602 /* Error.swift */ = {isa = PBXFileReference; lastKnownFileType = sourcecode.swift; path = Error.swift; sourceTree = "<group>"; };
		638C9AD7223AECDE006D5D9C /* Movs.app */ = {isa = PBXFileReference; explicitFileType = wrapper.application; includeInIndex = 0; path = Movs.app; sourceTree = BUILT_PRODUCTS_DIR; };
		638C9ADA223AECDE006D5D9C /* AppDelegate.swift */ = {isa = PBXFileReference; lastKnownFileType = sourcecode.swift; path = AppDelegate.swift; sourceTree = "<group>"; };
		638C9AE1223AECDE006D5D9C /* Base */ = {isa = PBXFileReference; lastKnownFileType = file.storyboard; name = Base; path = Base.lproj/Main.storyboard; sourceTree = "<group>"; };
		638C9AE6223AECE0006D5D9C /* Base */ = {isa = PBXFileReference; lastKnownFileType = file.storyboard; name = Base; path = Base.lproj/LaunchScreen.storyboard; sourceTree = "<group>"; };
		638C9AE8223AECE0006D5D9C /* Info.plist */ = {isa = PBXFileReference; lastKnownFileType = text.plist.xml; path = Info.plist; sourceTree = "<group>"; };
		638C9AED223AECE1006D5D9C /* MovsTests.xctest */ = {isa = PBXFileReference; explicitFileType = wrapper.cfbundle; includeInIndex = 0; path = MovsTests.xctest; sourceTree = BUILT_PRODUCTS_DIR; };
		638C9AF1223AECE1006D5D9C /* MovsTests.swift */ = {isa = PBXFileReference; lastKnownFileType = sourcecode.swift; path = MovsTests.swift; sourceTree = "<group>"; };
		638C9AF3223AECE1006D5D9C /* Info.plist */ = {isa = PBXFileReference; lastKnownFileType = text.plist.xml; path = Info.plist; sourceTree = "<group>"; };
		638C9AF8223AECE1006D5D9C /* MovsUITests.xctest */ = {isa = PBXFileReference; explicitFileType = wrapper.cfbundle; includeInIndex = 0; path = MovsUITests.xctest; sourceTree = BUILT_PRODUCTS_DIR; };
		638C9AFC223AECE1006D5D9C /* MovsUITests.swift */ = {isa = PBXFileReference; lastKnownFileType = sourcecode.swift; path = MovsUITests.swift; sourceTree = "<group>"; };
		638C9AFE223AECE1006D5D9C /* Info.plist */ = {isa = PBXFileReference; lastKnownFileType = text.plist.xml; path = Info.plist; sourceTree = "<group>"; };
		638C9B13223AFA2B006D5D9C /* FavoriteTVShowViewController.swift */ = {isa = PBXFileReference; fileEncoding = 4; lastKnownFileType = sourcecode.swift; path = FavoriteTVShowViewController.swift; sourceTree = "<group>"; };
		638C9B15223AFA34006D5D9C /* HomeTVShowViewController.swift */ = {isa = PBXFileReference; fileEncoding = 4; lastKnownFileType = sourcecode.swift; path = HomeTVShowViewController.swift; sourceTree = "<group>"; };
		638C9B1C223AFF04006D5D9C /* Assets.xcassets */ = {isa = PBXFileReference; lastKnownFileType = folder.assetcatalog; path = Assets.xcassets; sourceTree = "<group>"; };
		639E2F20223ECA2300C69E3F /* Moya.framework */ = {isa = PBXFileReference; lastKnownFileType = wrapper.framework; name = Moya.framework; path = Carthage/Build/iOS/Moya.framework; sourceTree = SOURCE_ROOT; };
		639E2F22223ECA9100C69E3F /* RxSwift.framework */ = {isa = PBXFileReference; lastKnownFileType = wrapper.framework; name = RxSwift.framework; path = Carthage/Build/iOS/RxSwift.framework; sourceTree = SOURCE_ROOT; };
		63CB07FB22AC38AC0061DDCE /* empty.json */ = {isa = PBXFileReference; fileEncoding = 4; lastKnownFileType = text.json; path = empty.json; sourceTree = "<group>"; };
		63D02F45226785FD00E5AAEA /* String.swift */ = {isa = PBXFileReference; lastKnownFileType = sourcecode.swift; path = String.swift; sourceTree = "<group>"; };
		63D02F862267E49A00E5AAEA /* ShowViewController.swift */ = {isa = PBXFileReference; lastKnownFileType = sourcecode.swift; path = ShowViewController.swift; sourceTree = "<group>"; };
		63EE3AC5223FFC4900C9D882 /* TmdbRouter.swift */ = {isa = PBXFileReference; lastKnownFileType = sourcecode.swift; path = TmdbRouter.swift; sourceTree = "<group>"; };
		63EE3AC722400FC000C9D882 /* HomeViewModel.swift */ = {isa = PBXFileReference; lastKnownFileType = sourcecode.swift; path = HomeViewModel.swift; sourceTree = "<group>"; };
		63FDB7892266795800B460D6 /* ImageHelper.swift */ = {isa = PBXFileReference; lastKnownFileType = sourcecode.swift; path = ImageHelper.swift; sourceTree = "<group>"; };
		9B1C0B34217B36E9F325FA35 /* Pods-Movs.testing.xcconfig */ = {isa = PBXFileReference; includeInIndex = 1; lastKnownFileType = text.xcconfig; name = "Pods-Movs.testing.xcconfig"; path = "Pods/Target Support Files/Pods-Movs/Pods-Movs.testing.xcconfig"; sourceTree = "<group>"; };
		AC248A5B3A7F233BF8C20F29 /* Pods_Movs.framework */ = {isa = PBXFileReference; explicitFileType = wrapper.framework; includeInIndex = 0; path = Pods_Movs.framework; sourceTree = BUILT_PRODUCTS_DIR; };
		CAC1FD3F99B6F179D6B9B349 /* Pods-Movs.release.xcconfig */ = {isa = PBXFileReference; includeInIndex = 1; lastKnownFileType = text.xcconfig; name = "Pods-Movs.release.xcconfig"; path = "Pods/Target Support Files/Pods-Movs/Pods-Movs.release.xcconfig"; sourceTree = "<group>"; };
/* End PBXFileReference section */

/* Begin PBXFrameworksBuildPhase section */
		638C9AD4223AECDE006D5D9C /* Frameworks */ = {
			isa = PBXFrameworksBuildPhase;
			buildActionMask = 2147483647;
			files = (
				639E2F23223ECA9100C69E3F /* RxSwift.framework in Frameworks */,
				639E2F21223ECA2300C69E3F /* Moya.framework in Frameworks */,
				77D8E19D9A9461868E29E03C /* Pods_Movs.framework in Frameworks */,
			);
			runOnlyForDeploymentPostprocessing = 0;
		};
		638C9AEA223AECE1006D5D9C /* Frameworks */ = {
			isa = PBXFrameworksBuildPhase;
			buildActionMask = 2147483647;
			files = (
			);
			runOnlyForDeploymentPostprocessing = 0;
		};
		638C9AF5223AECE1006D5D9C /* Frameworks */ = {
			isa = PBXFrameworksBuildPhase;
			buildActionMask = 2147483647;
			files = (
			);
			runOnlyForDeploymentPostprocessing = 0;
		};
/* End PBXFrameworksBuildPhase section */

/* Begin PBXGroup section */
		514B420A75B92710A845B0CA /* Frameworks */ = {
			isa = PBXGroup;
			children = (
				AC248A5B3A7F233BF8C20F29 /* Pods_Movs.framework */,
			);
			name = Frameworks;
			sourceTree = "<group>";
		};
		633C6DEF225DAF4C006CDFF4 /* LottieDemo */ = {
			isa = PBXGroup;
			children = (
				633C6DF9225DAFC7006CDFF4 /* LottieAnimation */,
				633C6DF0225DAF4C006CDFF4 /* files */,
			);
			path = LottieDemo;
			sourceTree = "<group>";
		};
		633C6DF0225DAF4C006CDFF4 /* files */ = {
			isa = PBXGroup;
			children = (
				63CB07FB22AC38AC0061DDCE /* empty.json */,
				633C6DF1225DAF4C006CDFF4 /* loading.json */,
				633C6DF2225DAF4C006CDFF4 /* connection-error.json */,
				633C6DF3225DAF4C006CDFF4 /* not-found.json */,
				633C6DF4225DAF4C006CDFF4 /* network_error.json */,
			);
			path = files;
			sourceTree = "<group>";
		};
		633C6DF9225DAFC7006CDFF4 /* LottieAnimation */ = {
			isa = PBXGroup;
			children = (
				633C6DFA225DAFDE006CDFF4 /* LottieAnimation.swift */,
			);
			path = LottieAnimation;
			sourceTree = "<group>";
		};
		6359D27422524F63004CCA3E /* Router */ = {
			isa = PBXGroup;
			children = (
				63EE3AC5223FFC4900C9D882 /* TmdbRouter.swift */,
				6359D27222524F2D004CCA3E /* GenreRouter.swift */,
			);
			path = Router;
			sourceTree = "<group>";
		};
		6359D27522524F69004CCA3E /* Service */ = {
			isa = PBXGroup;
			children = (
				63586CD5224303B700884EC8 /* TvService.swift */,
				6359D27622525367004CCA3E /* GenreService.swift */,
			);
			path = Service;
			sourceTree = "<group>";
		};
		636C5DB7225D372B0015CE20 /* Persistence */ = {
			isa = PBXGroup;
			children = (
				636C5DBB225D379E0015CE20 /* Database */,
				636C5DB8225D37360015CE20 /* CoreData */,
			);
			path = Persistence;
			sourceTree = "<group>";
		};
		636C5DB8225D37360015CE20 /* CoreData */ = {
			isa = PBXGroup;
			children = (
				636C5DB9225D37580015CE20 /* MainCoreData.swift */,
				636C5DBF225D39520015CE20 /* FavoriteManager.swift */,
			);
			path = CoreData;
			sourceTree = "<group>";
		};
		636C5DBB225D379E0015CE20 /* Database */ = {
			isa = PBXGroup;
			children = (
				636C5DBC225D38310015CE20 /* Best_Series.xcdatamodeld */,
			);
			path = Database;
			sourceTree = "<group>";
		};
		636C5DC1225D5D9C0015CE20 /* FavoriteCell */ = {
			isa = PBXGroup;
			children = (
				636C5DC2225D5DC40015CE20 /* FavoriteCell.swift */,
				636C5DC3225D5DC40015CE20 /* FavoriteCell.xib */,
			);
			path = FavoriteCell;
			sourceTree = "<group>";
		};
		6375479A227DDD9C0028B82F /* FavoriteHelper */ = {
			isa = PBXGroup;
			children = (
				6375479B227DDDB40028B82F /* FavoriteHelper.swift */,
			);
			path = FavoriteHelper;
			sourceTree = "<group>";
		};
		6375479F227E29870028B82F /* MockFiles */ = {
			isa = PBXGroup;
			children = (
				637547A0227E29C10028B82F /* tvShows.json */,
				637547A3227E2A870028B82F /* mockService.swift */,
			);
			path = MockFiles;
			sourceTree = "<group>";
		};
		637547A6227E98E90028B82F /* systemConfiguration */ = {
			isa = PBXGroup;
			children = (
				637547A7227E99020028B82F /* SystemConfiguration.swift */,
			);
			path = systemConfiguration;
			sourceTree = "<group>";
		};
		6385B7792258576E00A72602 /* CheckInternet */ = {
			isa = PBXGroup;
			children = (
				6385B77A2258576E00A72602 /* Reachability.swift */,
				6385B77B2258576E00A72602 /* CheckInternetConnection.swift */,
			);
			path = CheckInternet;
			sourceTree = "<group>";
		};
		6385B77E225857E300A72602 /* Error */ = {
			isa = PBXGroup;
			children = (
				6385B77F225857F000A72602 /* Error.swift */,
			);
			path = Error;
			sourceTree = "<group>";
		};
		638C9ACE223AECDE006D5D9C = {
			isa = PBXGroup;
			children = (
				638C9AD9223AECDE006D5D9C /* Movs */,
				638C9AF0223AECE1006D5D9C /* MovsTests */,
				638C9AFB223AECE1006D5D9C /* MovsUITests */,
				638C9AD8223AECDE006D5D9C /* Products */,
				D9185FB532F059B5C3849C64 /* Pods */,
				514B420A75B92710A845B0CA /* Frameworks */,
			);
			sourceTree = "<group>";
		};
		638C9AD8223AECDE006D5D9C /* Products */ = {
			isa = PBXGroup;
			children = (
				638C9AD7223AECDE006D5D9C /* Movs.app */,
				638C9AED223AECE1006D5D9C /* MovsTests.xctest */,
				638C9AF8223AECE1006D5D9C /* MovsUITests.xctest */,
			);
			name = Products;
			sourceTree = "<group>";
		};
		638C9AD9223AECDE006D5D9C /* Movs */ = {
			isa = PBXGroup;
			children = (
				636C5DB7225D372B0015CE20 /* Persistence */,
				638C9B0B223AF1FC006D5D9C /* Main */,
				638C9B0A223AF1EE006D5D9C /* ApiService */,
				638C9B0C223AF21F006D5D9C /* System */,
				638C9B0E223AF2D9006D5D9C /* Helper */,
				638C9AE8223AECE0006D5D9C /* Info.plist */,
				638C9B1C223AFF04006D5D9C /* Assets.xcassets */,
				639E2F22223ECA9100C69E3F /* RxSwift.framework */,
				639E2F20223ECA2300C69E3F /* Moya.framework */,
			);
			path = Movs;
			sourceTree = "<group>";
		};
		638C9AF0223AECE1006D5D9C /* MovsTests */ = {
			isa = PBXGroup;
			children = (
				638C9AF1223AECE1006D5D9C /* MovsTests.swift */,
				638C9AF3223AECE1006D5D9C /* Info.plist */,
			);
			path = MovsTests;
			sourceTree = "<group>";
		};
		638C9AFB223AECE1006D5D9C /* MovsUITests */ = {
			isa = PBXGroup;
			children = (
				638C9AFC223AECE1006D5D9C /* MovsUITests.swift */,
				638C9AFE223AECE1006D5D9C /* Info.plist */,
			);
			path = MovsUITests;
			sourceTree = "<group>";
		};
		638C9B0A223AF1EE006D5D9C /* ApiService */ = {
			isa = PBXGroup;
			children = (
				6359D27522524F69004CCA3E /* Service */,
				6359D27422524F63004CCA3E /* Router */,
			);
			path = ApiService;
			sourceTree = "<group>";
		};
		638C9B0B223AF1FC006D5D9C /* Main */ = {
			isa = PBXGroup;
			children = (
				638C9B0F223AF348006D5D9C /* Model */,
				638C9B10223AF3B1006D5D9C /* View */,
				638C9B11223AF3BC006D5D9C /* ViewModel */,
				638C9B12223AF3FD006D5D9C /* Controller */,
			);
			path = Main;
			sourceTree = "<group>";
		};
		638C9B0C223AF21F006D5D9C /* System */ = {
			isa = PBXGroup;
			children = (
				637547A6227E98E90028B82F /* systemConfiguration */,
				638C9B0D223AF230006D5D9C /* Delegate */,
			);
			path = System;
			sourceTree = "<group>";
		};
		638C9B0D223AF230006D5D9C /* Delegate */ = {
			isa = PBXGroup;
			children = (
				638C9ADA223AECDE006D5D9C /* AppDelegate.swift */,
			);
			path = Delegate;
			sourceTree = "<group>";
		};
		638C9B0E223AF2D9006D5D9C /* Helper */ = {
			isa = PBXGroup;
			children = (
				6375479F227E29870028B82F /* MockFiles */,
				6375479A227DDD9C0028B82F /* FavoriteHelper */,
				63D02F44226785E900E5AAEA /* Extension */,
				63FDB7882266793300B460D6 /* ImageHelper */,
				633C6DEF225DAF4C006CDFF4 /* LottieDemo */,
				6385B77E225857E300A72602 /* Error */,
				6385B7792258576E00A72602 /* CheckInternet */,
				6359D27A22531712004CCA3E /* Constants.swift */,
			);
			path = Helper;
			sourceTree = "<group>";
		};
		638C9B0F223AF348006D5D9C /* Model */ = {
			isa = PBXGroup;
			children = (
				63586CD32242F8DC00884EC8 /* TvModel.swift */,
				6359D2702250FB11004CCA3E /* TvViewData.swift */,
				6359D2782252541B004CCA3E /* Genre.swift */,
				631894FC22AF282400DB3FCB /* Pagination.swift */,
			);
			path = Model;
			sourceTree = "<group>";
		};
		638C9B10223AF3B1006D5D9C /* View */ = {
			isa = PBXGroup;
			children = (
				638C9B17223AFAAB006D5D9C /* Storyboard */,
				638C9B19223AFABB006D5D9C /* Cell */,
				638C9B18223AFAB4006D5D9C /* XIB */,
			);
			path = View;
			sourceTree = "<group>";
		};
		638C9B11223AF3BC006D5D9C /* ViewModel */ = {
			isa = PBXGroup;
			children = (
				63EE3AC722400FC000C9D882 /* HomeViewModel.swift */,
				636C5DC6225D73670015CE20 /* FavoriteViewModel.swift */,
			);
			path = ViewModel;
			sourceTree = "<group>";
		};
		638C9B12223AF3FD006D5D9C /* Controller */ = {
			isa = PBXGroup;
			children = (
				638C9B15223AFA34006D5D9C /* HomeTVShowViewController.swift */,
				638C9B13223AFA2B006D5D9C /* FavoriteTVShowViewController.swift */,
				63D02F862267E49A00E5AAEA /* ShowViewController.swift */,
			);
			path = Controller;
			sourceTree = "<group>";
		};
		638C9B17223AFAAB006D5D9C /* Storyboard */ = {
			isa = PBXGroup;
			children = (
				638C9AE5223AECE0006D5D9C /* LaunchScreen.storyboard */,
				638C9AE0223AECDE006D5D9C /* Main.storyboard */,
			);
			path = Storyboard;
			sourceTree = "<group>";
		};
		638C9B18223AFAB4006D5D9C /* XIB */ = {
			isa = PBXGroup;
			children = (
			);
			path = XIB;
			sourceTree = "<group>";
		};
		638C9B19223AFABB006D5D9C /* Cell */ = {
			isa = PBXGroup;
			children = (
				636C5DC1225D5D9C0015CE20 /* FavoriteCell */,
				63C867112247C6BA00E3C280 /* HomeTVShow */,
			);
			path = Cell;
			sourceTree = "<group>";
		};
		63C867112247C6BA00E3C280 /* HomeTVShow */ = {
			isa = PBXGroup;
			children = (
				6359D26C22501B78004CCA3E /* TvShowCell.swift */,
				6359D26D22501B78004CCA3E /* TvShowCell.xib */,
			);
			path = HomeTVShow;
			sourceTree = "<group>";
		};
		63D02F44226785E900E5AAEA /* Extension */ = {
			isa = PBXGroup;
			children = (
				63D02F45226785FD00E5AAEA /* String.swift */,
			);
			path = Extension;
			sourceTree = "<group>";
		};
		63FDB7882266793300B460D6 /* ImageHelper */ = {
			isa = PBXGroup;
			children = (
				63FDB7892266795800B460D6 /* ImageHelper.swift */,
			);
			path = ImageHelper;
			sourceTree = "<group>";
		};
		D9185FB532F059B5C3849C64 /* Pods */ = {
			isa = PBXGroup;
			children = (
				0307B32735E6256514DAFC70 /* Pods-Movs.debug.xcconfig */,
				CAC1FD3F99B6F179D6B9B349 /* Pods-Movs.release.xcconfig */,
				9B1C0B34217B36E9F325FA35 /* Pods-Movs.testing.xcconfig */,
			);
			name = Pods;
			sourceTree = "<group>";
		};
/* End PBXGroup section */

/* Begin PBXNativeTarget section */
		638C9AD6223AECDE006D5D9C /* Movs */ = {
			isa = PBXNativeTarget;
			buildConfigurationList = 638C9B01223AECE1006D5D9C /* Build configuration list for PBXNativeTarget "Movs" */;
			buildPhases = (
				B84AA6AF67363950FCCD8CF4 /* [CP] Check Pods Manifest.lock */,
				638C9AD3223AECDE006D5D9C /* Sources */,
				638C9AD4223AECDE006D5D9C /* Frameworks */,
				638C9AD5223AECDE006D5D9C /* Resources */,
				13D04852F94B96F87BF5ECCA /* [CP] Embed Pods Frameworks */,
			);
			buildRules = (
			);
			dependencies = (
			);
			name = Movs;
			productName = Movs;
			productReference = 638C9AD7223AECDE006D5D9C /* Movs.app */;
			productType = "com.apple.product-type.application";
		};
		638C9AEC223AECE1006D5D9C /* MovsTests */ = {
			isa = PBXNativeTarget;
			buildConfigurationList = 638C9B04223AECE1006D5D9C /* Build configuration list for PBXNativeTarget "MovsTests" */;
			buildPhases = (
				638C9AE9223AECE1006D5D9C /* Sources */,
				638C9AEA223AECE1006D5D9C /* Frameworks */,
				638C9AEB223AECE1006D5D9C /* Resources */,
			);
			buildRules = (
			);
			dependencies = (
				638C9AEF223AECE1006D5D9C /* PBXTargetDependency */,
			);
			name = MovsTests;
			productName = MovsTests;
			productReference = 638C9AED223AECE1006D5D9C /* MovsTests.xctest */;
			productType = "com.apple.product-type.bundle.unit-test";
		};
		638C9AF7223AECE1006D5D9C /* MovsUITests */ = {
			isa = PBXNativeTarget;
			buildConfigurationList = 638C9B07223AECE1006D5D9C /* Build configuration list for PBXNativeTarget "MovsUITests" */;
			buildPhases = (
				638C9AF4223AECE1006D5D9C /* Sources */,
				638C9AF5223AECE1006D5D9C /* Frameworks */,
				638C9AF6223AECE1006D5D9C /* Resources */,
			);
			buildRules = (
			);
			dependencies = (
				638C9AFA223AECE1006D5D9C /* PBXTargetDependency */,
			);
			name = MovsUITests;
			productName = MovsUITests;
			productReference = 638C9AF8223AECE1006D5D9C /* MovsUITests.xctest */;
			productType = "com.apple.product-type.bundle.ui-testing";
		};
/* End PBXNativeTarget section */

/* Begin PBXProject section */
		638C9ACF223AECDE006D5D9C /* Project object */ = {
			isa = PBXProject;
			attributes = {
				LastSwiftUpdateCheck = 1010;
				LastUpgradeCheck = 1010;
				ORGANIZATIONNAME = BRQ;
				TargetAttributes = {
					638C9AD6223AECDE006D5D9C = {
						CreatedOnToolsVersion = 10.1;
					};
					638C9AEC223AECE1006D5D9C = {
						CreatedOnToolsVersion = 10.1;
						TestTargetID = 638C9AD6223AECDE006D5D9C;
					};
					638C9AF7223AECE1006D5D9C = {
						CreatedOnToolsVersion = 10.1;
						TestTargetID = 638C9AD6223AECDE006D5D9C;
					};
				};
			};
			buildConfigurationList = 638C9AD2223AECDE006D5D9C /* Build configuration list for PBXProject "Movs" */;
			compatibilityVersion = "Xcode 9.3";
			developmentRegion = en;
			hasScannedForEncodings = 0;
			knownRegions = (
				en,
				Base,
			);
			mainGroup = 638C9ACE223AECDE006D5D9C;
			productRefGroup = 638C9AD8223AECDE006D5D9C /* Products */;
			projectDirPath = "";
			projectRoot = "";
			targets = (
				638C9AD6223AECDE006D5D9C /* Movs */,
				638C9AEC223AECE1006D5D9C /* MovsTests */,
				638C9AF7223AECE1006D5D9C /* MovsUITests */,
			);
		};
/* End PBXProject section */

/* Begin PBXResourcesBuildPhase section */
		638C9AD5223AECDE006D5D9C /* Resources */ = {
			isa = PBXResourcesBuildPhase;
			buildActionMask = 2147483647;
			files = (
				633C6DF7225DAF4C006CDFF4 /* not-found.json in Resources */,
				63CB07FC22AC38AD0061DDCE /* empty.json in Resources */,
				637547A1227E29C10028B82F /* tvShows.json in Resources */,
				638C9AE7223AECE0006D5D9C /* LaunchScreen.storyboard in Resources */,
				636C5DC5225D5DC40015CE20 /* FavoriteCell.xib in Resources */,
				633C6DF5225DAF4C006CDFF4 /* loading.json in Resources */,
				638C9B1D223AFF04006D5D9C /* Assets.xcassets in Resources */,
				6359D26F22501B78004CCA3E /* TvShowCell.xib in Resources */,
				633C6DF8225DAF4C006CDFF4 /* network_error.json in Resources */,
				638C9AE2223AECDE006D5D9C /* Main.storyboard in Resources */,
				633C6DF6225DAF4C006CDFF4 /* connection-error.json in Resources */,
			);
			runOnlyForDeploymentPostprocessing = 0;
		};
		638C9AEB223AECE1006D5D9C /* Resources */ = {
			isa = PBXResourcesBuildPhase;
			buildActionMask = 2147483647;
			files = (
			);
			runOnlyForDeploymentPostprocessing = 0;
		};
		638C9AF6223AECE1006D5D9C /* Resources */ = {
			isa = PBXResourcesBuildPhase;
			buildActionMask = 2147483647;
			files = (
				637547A2227E29C10028B82F /* tvShows.json in Resources */,
			);
			runOnlyForDeploymentPostprocessing = 0;
		};
/* End PBXResourcesBuildPhase section */

/* Begin PBXShellScriptBuildPhase section */
		13D04852F94B96F87BF5ECCA /* [CP] Embed Pods Frameworks */ = {
			isa = PBXShellScriptBuildPhase;
			buildActionMask = 2147483647;
			files = (
			);
			inputFileListPaths = (
			);
			inputPaths = (
				"${PODS_ROOT}/Target Support Files/Pods-Movs/Pods-Movs-frameworks.sh",
				"${BUILT_PRODUCTS_DIR}/Alamofire/Alamofire.framework",
				"${BUILT_PRODUCTS_DIR}/Differentiator/Differentiator.framework",
				"${BUILT_PRODUCTS_DIR}/Kingfisher/Kingfisher.framework",
				"${BUILT_PRODUCTS_DIR}/Moya/Moya.framework",
				"${BUILT_PRODUCTS_DIR}/Result/Result.framework",
				"${BUILT_PRODUCTS_DIR}/RxAtomic/RxAtomic.framework",
				"${BUILT_PRODUCTS_DIR}/RxCocoa/RxCocoa.framework",
				"${BUILT_PRODUCTS_DIR}/RxDataSources/RxDataSources.framework",
				"${BUILT_PRODUCTS_DIR}/RxSwift/RxSwift.framework",
				"${BUILT_PRODUCTS_DIR}/lottie-ios/Lottie.framework",
			);
			name = "[CP] Embed Pods Frameworks";
			outputFileListPaths = (
			);
			outputPaths = (
				"${TARGET_BUILD_DIR}/${FRAMEWORKS_FOLDER_PATH}/Alamofire.framework",
				"${TARGET_BUILD_DIR}/${FRAMEWORKS_FOLDER_PATH}/Differentiator.framework",
				"${TARGET_BUILD_DIR}/${FRAMEWORKS_FOLDER_PATH}/Kingfisher.framework",
				"${TARGET_BUILD_DIR}/${FRAMEWORKS_FOLDER_PATH}/Moya.framework",
				"${TARGET_BUILD_DIR}/${FRAMEWORKS_FOLDER_PATH}/Result.framework",
				"${TARGET_BUILD_DIR}/${FRAMEWORKS_FOLDER_PATH}/RxAtomic.framework",
				"${TARGET_BUILD_DIR}/${FRAMEWORKS_FOLDER_PATH}/RxCocoa.framework",
				"${TARGET_BUILD_DIR}/${FRAMEWORKS_FOLDER_PATH}/RxDataSources.framework",
				"${TARGET_BUILD_DIR}/${FRAMEWORKS_FOLDER_PATH}/RxSwift.framework",
				"${TARGET_BUILD_DIR}/${FRAMEWORKS_FOLDER_PATH}/Lottie.framework",
			);
			runOnlyForDeploymentPostprocessing = 0;
			shellPath = /bin/sh;
			shellScript = "\"${PODS_ROOT}/Target Support Files/Pods-Movs/Pods-Movs-frameworks.sh\"\n";
			showEnvVarsInLog = 0;
		};
		B84AA6AF67363950FCCD8CF4 /* [CP] Check Pods Manifest.lock */ = {
			isa = PBXShellScriptBuildPhase;
			buildActionMask = 2147483647;
			files = (
			);
			inputFileListPaths = (
			);
			inputPaths = (
				"${PODS_PODFILE_DIR_PATH}/Podfile.lock",
				"${PODS_ROOT}/Manifest.lock",
			);
			name = "[CP] Check Pods Manifest.lock";
			outputFileListPaths = (
			);
			outputPaths = (
				"$(DERIVED_FILE_DIR)/Pods-Movs-checkManifestLockResult.txt",
			);
			runOnlyForDeploymentPostprocessing = 0;
			shellPath = /bin/sh;
			shellScript = "diff \"${PODS_PODFILE_DIR_PATH}/Podfile.lock\" \"${PODS_ROOT}/Manifest.lock\" > /dev/null\nif [ $? != 0 ] ; then\n    # print error to STDERR\n    echo \"error: The sandbox is not in sync with the Podfile.lock. Run 'pod install' or update your CocoaPods installation.\" >&2\n    exit 1\nfi\n# This output is used by Xcode 'outputs' to avoid re-running this script phase.\necho \"SUCCESS\" > \"${SCRIPT_OUTPUT_FILE_0}\"\n";
			showEnvVarsInLog = 0;
		};
/* End PBXShellScriptBuildPhase section */

/* Begin PBXSourcesBuildPhase section */
		638C9AD3223AECDE006D5D9C /* Sources */ = {
			isa = PBXSourcesBuildPhase;
			buildActionMask = 2147483647;
			files = (
				63D02F872267E49A00E5AAEA /* ShowViewController.swift in Sources */,
				631894FD22AF282400DB3FCB /* Pagination.swift in Sources */,
				6385B780225857F000A72602 /* Error.swift in Sources */,
				6385B77C2258576F00A72602 /* Reachability.swift in Sources */,
				6385B77D2258576F00A72602 /* CheckInternetConnection.swift in Sources */,
				633C6DFB225DAFDE006CDFF4 /* LottieAnimation.swift in Sources */,
				6359D27322524F2D004CCA3E /* GenreRouter.swift in Sources */,
				6359D2712250FB11004CCA3E /* TvViewData.swift in Sources */,
				63D02F46226785FD00E5AAEA /* String.swift in Sources */,
				63FDB78A2266795800B460D6 /* ImageHelper.swift in Sources */,
				637547A8227E99020028B82F /* SystemConfiguration.swift in Sources */,
				636C5DBA225D37580015CE20 /* MainCoreData.swift in Sources */,
				636C5DC7225D73670015CE20 /* FavoriteViewModel.swift in Sources */,
				638C9B16223AFA34006D5D9C /* HomeTVShowViewController.swift in Sources */,
				6359D2792252541B004CCA3E /* Genre.swift in Sources */,
				6375479C227DDDB40028B82F /* FavoriteHelper.swift in Sources */,
				63586CD6224303B700884EC8 /* TvService.swift in Sources */,
				638C9B14223AFA2B006D5D9C /* FavoriteTVShowViewController.swift in Sources */,
				638C9ADB223AECDE006D5D9C /* AppDelegate.swift in Sources */,
				6359D27B22531712004CCA3E /* Constants.swift in Sources */,
				63EE3AC822400FC000C9D882 /* HomeViewModel.swift in Sources */,
				6359D27722525367004CCA3E /* GenreService.swift in Sources */,
				63EE3AC6223FFC4900C9D882 /* TmdbRouter.swift in Sources */,
				6359D26E22501B78004CCA3E /* TvShowCell.swift in Sources */,
				636C5DC0225D39520015CE20 /* FavoriteManager.swift in Sources */,
				636C5DC4225D5DC40015CE20 /* FavoriteCell.swift in Sources */,
				637547A4227E2A870028B82F /* mockService.swift in Sources */,
				636C5DBE225D38310015CE20 /* Best_Series.xcdatamodeld in Sources */,
				63586CD42242F8DC00884EC8 /* TvModel.swift in Sources */,
			);
			runOnlyForDeploymentPostprocessing = 0;
		};
		638C9AE9223AECE1006D5D9C /* Sources */ = {
			isa = PBXSourcesBuildPhase;
			buildActionMask = 2147483647;
			files = (
				638C9AF2223AECE1006D5D9C /* MovsTests.swift in Sources */,
			);
			runOnlyForDeploymentPostprocessing = 0;
		};
		638C9AF4223AECE1006D5D9C /* Sources */ = {
			isa = PBXSourcesBuildPhase;
			buildActionMask = 2147483647;
			files = (
				638C9AFD223AECE1006D5D9C /* MovsUITests.swift in Sources */,
				637547A9227E99020028B82F /* SystemConfiguration.swift in Sources */,
			);
			runOnlyForDeploymentPostprocessing = 0;
		};
/* End PBXSourcesBuildPhase section */

/* Begin PBXTargetDependency section */
		638C9AEF223AECE1006D5D9C /* PBXTargetDependency */ = {
			isa = PBXTargetDependency;
			target = 638C9AD6223AECDE006D5D9C /* Movs */;
			targetProxy = 638C9AEE223AECE1006D5D9C /* PBXContainerItemProxy */;
		};
		638C9AFA223AECE1006D5D9C /* PBXTargetDependency */ = {
			isa = PBXTargetDependency;
			target = 638C9AD6223AECDE006D5D9C /* Movs */;
			targetProxy = 638C9AF9223AECE1006D5D9C /* PBXContainerItemProxy */;
		};
/* End PBXTargetDependency section */

/* Begin PBXVariantGroup section */
		638C9AE0223AECDE006D5D9C /* Main.storyboard */ = {
			isa = PBXVariantGroup;
			children = (
				638C9AE1223AECDE006D5D9C /* Base */,
			);
			name = Main.storyboard;
			sourceTree = "<group>";
		};
		638C9AE5223AECE0006D5D9C /* LaunchScreen.storyboard */ = {
			isa = PBXVariantGroup;
			children = (
				638C9AE6223AECE0006D5D9C /* Base */,
			);
			name = LaunchScreen.storyboard;
			sourceTree = "<group>";
		};
/* End PBXVariantGroup section */

/* Begin XCBuildConfiguration section */
		638C9AFF223AECE1006D5D9C /* Debug */ = {
			isa = XCBuildConfiguration;
			buildSettings = {
				ALWAYS_SEARCH_USER_PATHS = NO;
				CLANG_ANALYZER_NONNULL = YES;
				CLANG_ANALYZER_NUMBER_OBJECT_CONVERSION = YES_AGGRESSIVE;
				CLANG_CXX_LANGUAGE_STANDARD = "gnu++14";
				CLANG_CXX_LIBRARY = "libc++";
				CLANG_ENABLE_MODULES = YES;
				CLANG_ENABLE_OBJC_ARC = YES;
				CLANG_ENABLE_OBJC_WEAK = YES;
				CLANG_WARN_BLOCK_CAPTURE_AUTORELEASING = YES;
				CLANG_WARN_BOOL_CONVERSION = YES;
				CLANG_WARN_COMMA = YES;
				CLANG_WARN_CONSTANT_CONVERSION = YES;
				CLANG_WARN_DEPRECATED_OBJC_IMPLEMENTATIONS = YES;
				CLANG_WARN_DIRECT_OBJC_ISA_USAGE = YES_ERROR;
				CLANG_WARN_DOCUMENTATION_COMMENTS = YES;
				CLANG_WARN_EMPTY_BODY = YES;
				CLANG_WARN_ENUM_CONVERSION = YES;
				CLANG_WARN_INFINITE_RECURSION = YES;
				CLANG_WARN_INT_CONVERSION = YES;
				CLANG_WARN_NON_LITERAL_NULL_CONVERSION = YES;
				CLANG_WARN_OBJC_IMPLICIT_RETAIN_SELF = YES;
				CLANG_WARN_OBJC_LITERAL_CONVERSION = YES;
				CLANG_WARN_OBJC_ROOT_CLASS = YES_ERROR;
				CLANG_WARN_RANGE_LOOP_ANALYSIS = YES;
				CLANG_WARN_STRICT_PROTOTYPES = YES;
				CLANG_WARN_SUSPICIOUS_MOVE = YES;
				CLANG_WARN_UNGUARDED_AVAILABILITY = YES_AGGRESSIVE;
				CLANG_WARN_UNREACHABLE_CODE = YES;
				CLANG_WARN__DUPLICATE_METHOD_MATCH = YES;
				CODE_SIGN_IDENTITY = "iPhone Developer";
				COPY_PHASE_STRIP = NO;
				DEBUG_INFORMATION_FORMAT = dwarf;
				ENABLE_STRICT_OBJC_MSGSEND = YES;
				ENABLE_TESTABILITY = YES;
				GCC_C_LANGUAGE_STANDARD = gnu11;
				GCC_DYNAMIC_NO_PIC = NO;
				GCC_NO_COMMON_BLOCKS = YES;
				GCC_OPTIMIZATION_LEVEL = 0;
				GCC_PREPROCESSOR_DEFINITIONS = (
					"DEBUG=1",
					"$(inherited)",
				);
				GCC_WARN_64_TO_32_BIT_CONVERSION = YES;
				GCC_WARN_ABOUT_RETURN_TYPE = YES_ERROR;
				GCC_WARN_UNDECLARED_SELECTOR = YES;
				GCC_WARN_UNINITIALIZED_AUTOS = YES_AGGRESSIVE;
				GCC_WARN_UNUSED_FUNCTION = YES;
				GCC_WARN_UNUSED_VARIABLE = YES;
				IPHONEOS_DEPLOYMENT_TARGET = 12.1;
				MTL_ENABLE_DEBUG_INFO = INCLUDE_SOURCE;
				MTL_FAST_MATH = YES;
				ONLY_ACTIVE_ARCH = YES;
				SDKROOT = iphoneos;
				SWIFT_ACTIVE_COMPILATION_CONDITIONS = DEBUG;
				SWIFT_OPTIMIZATION_LEVEL = "-Onone";
			};
			name = Debug;
		};
		638C9B02223AECE1006D5D9C /* Debug */ = {
			isa = XCBuildConfiguration;
			baseConfigurationReference = 0307B32735E6256514DAFC70 /* Pods-Movs.debug.xcconfig */;
			buildSettings = {
				ASSETCATALOG_COMPILER_APPICON_NAME = AppIcon;
				ASSETCATALOG_COMPILER_LAUNCHIMAGE_NAME = LaunchImage;
				CODE_SIGN_STYLE = Automatic;
				DEVELOPMENT_TEAM = D8SS8BRWWP;
				FRAMEWORK_SEARCH_PATHS = (
					"$(inherited)",
					"$(PROJECT_DIR)/Carthage/Build/iOS",
				);
				INFOPLIST_FILE = Movs/Info.plist;
				LD_RUNPATH_SEARCH_PATHS = (
					"$(inherited)",
					"@executable_path/Frameworks",
				);
				PRODUCT_BUNDLE_IDENTIFIER = br.com.hugoProjects.Movs;
				PRODUCT_NAME = "$(TARGET_NAME)";
				SWIFT_VERSION = 4.2;
				TARGETED_DEVICE_FAMILY = "1,2";
			};
			name = Debug;
		};
		638C9B05223AECE1006D5D9C /* Debug */ = {
			isa = XCBuildConfiguration;
			buildSettings = {
				ALWAYS_EMBED_SWIFT_STANDARD_LIBRARIES = YES;
				BUNDLE_LOADER = "$(TEST_HOST)";
				CODE_SIGN_STYLE = Automatic;
				DEVELOPMENT_TEAM = D8SS8BRWWP;
				INFOPLIST_FILE = MovsTests/Info.plist;
				LD_RUNPATH_SEARCH_PATHS = (
					"$(inherited)",
					"@executable_path/Frameworks",
					"@loader_path/Frameworks",
				);
				PRODUCT_BUNDLE_IDENTIFIER = br.com.hugoProjects.MovsTests;
				PRODUCT_NAME = "$(TARGET_NAME)";
				SWIFT_VERSION = 4.2;
				TARGETED_DEVICE_FAMILY = "1,2";
				TEST_HOST = "$(BUILT_PRODUCTS_DIR)/Movs.app/Movs";
			};
			name = Debug;
		};
		638C9B08223AECE1006D5D9C /* Debug */ = {
			isa = XCBuildConfiguration;
			buildSettings = {
				ALWAYS_EMBED_SWIFT_STANDARD_LIBRARIES = YES;
				CODE_SIGN_STYLE = Automatic;
				DEVELOPMENT_TEAM = D8SS8BRWWP;
				INFOPLIST_FILE = MovsUITests/Info.plist;
				LD_RUNPATH_SEARCH_PATHS = (
					"$(inherited)",
					"@executable_path/Frameworks",
					"@loader_path/Frameworks",
				);
				PRODUCT_BUNDLE_IDENTIFIER = br.com.hugoProjects.MovsUITests;
				PRODUCT_NAME = "$(TARGET_NAME)";
				SWIFT_VERSION = 4.2;
				TARGETED_DEVICE_FAMILY = "1,2";
				TEST_TARGET_NAME = Movs;
			};
			name = Debug;
		};
		63C90AEA227F8B190028A2F7 /* Testing */ = {
			isa = XCBuildConfiguration;
			buildSettings = {
				ALWAYS_SEARCH_USER_PATHS = NO;
				CLANG_ANALYZER_NONNULL = YES;
				CLANG_ANALYZER_NUMBER_OBJECT_CONVERSION = YES_AGGRESSIVE;
				CLANG_CXX_LANGUAGE_STANDARD = "gnu++14";
				CLANG_CXX_LIBRARY = "libc++";
				CLANG_ENABLE_MODULES = YES;
				CLANG_ENABLE_OBJC_ARC = YES;
				CLANG_ENABLE_OBJC_WEAK = YES;
				CLANG_WARN_BLOCK_CAPTURE_AUTORELEASING = YES;
				CLANG_WARN_BOOL_CONVERSION = YES;
				CLANG_WARN_COMMA = YES;
				CLANG_WARN_CONSTANT_CONVERSION = YES;
				CLANG_WARN_DEPRECATED_OBJC_IMPLEMENTATIONS = YES;
				CLANG_WARN_DIRECT_OBJC_ISA_USAGE = YES_ERROR;
				CLANG_WARN_DOCUMENTATION_COMMENTS = YES;
				CLANG_WARN_EMPTY_BODY = YES;
				CLANG_WARN_ENUM_CONVERSION = YES;
				CLANG_WARN_INFINITE_RECURSION = YES;
				CLANG_WARN_INT_CONVERSION = YES;
				CLANG_WARN_NON_LITERAL_NULL_CONVERSION = YES;
				CLANG_WARN_OBJC_IMPLICIT_RETAIN_SELF = YES;
				CLANG_WARN_OBJC_LITERAL_CONVERSION = YES;
				CLANG_WARN_OBJC_ROOT_CLASS = YES_ERROR;
				CLANG_WARN_RANGE_LOOP_ANALYSIS = YES;
				CLANG_WARN_STRICT_PROTOTYPES = YES;
				CLANG_WARN_SUSPICIOUS_MOVE = YES;
				CLANG_WARN_UNGUARDED_AVAILABILITY = YES_AGGRESSIVE;
				CLANG_WARN_UNREACHABLE_CODE = YES;
				CLANG_WARN__DUPLICATE_METHOD_MATCH = YES;
				CODE_SIGN_IDENTITY = "iPhone Developer";
				COPY_PHASE_STRIP = NO;
				DEBUG_INFORMATION_FORMAT = dwarf;
				ENABLE_STRICT_OBJC_MSGSEND = YES;
				ENABLE_TESTABILITY = YES;
				GCC_C_LANGUAGE_STANDARD = gnu11;
				GCC_DYNAMIC_NO_PIC = NO;
				GCC_NO_COMMON_BLOCKS = YES;
				GCC_OPTIMIZATION_LEVEL = 0;
				GCC_PREPROCESSOR_DEFINITIONS = (
					"DEBUG=1",
					"$(inherited)",
				);
				GCC_WARN_64_TO_32_BIT_CONVERSION = YES;
				GCC_WARN_ABOUT_RETURN_TYPE = YES_ERROR;
				GCC_WARN_UNDECLARED_SELECTOR = YES;
				GCC_WARN_UNINITIALIZED_AUTOS = YES_AGGRESSIVE;
				GCC_WARN_UNUSED_FUNCTION = YES;
				GCC_WARN_UNUSED_VARIABLE = YES;
				IPHONEOS_DEPLOYMENT_TARGET = 12.1;
				MTL_ENABLE_DEBUG_INFO = INCLUDE_SOURCE;
				MTL_FAST_MATH = YES;
				ONLY_ACTIVE_ARCH = YES;
				SDKROOT = iphoneos;
				SWIFT_ACTIVE_COMPILATION_CONDITIONS = TESTING;
				SWIFT_OPTIMIZATION_LEVEL = "-Onone";
			};
			name = Testing;
		};
		63C90AEB227F8B190028A2F7 /* Testing */ = {
			isa = XCBuildConfiguration;
			baseConfigurationReference = 9B1C0B34217B36E9F325FA35 /* Pods-Movs.testing.xcconfig */;
			buildSettings = {
				ASSETCATALOG_COMPILER_APPICON_NAME = AppIcon;
				ASSETCATALOG_COMPILER_LAUNCHIMAGE_NAME = LaunchImage;
				CODE_SIGN_STYLE = Automatic;
				DEVELOPMENT_TEAM = D8SS8BRWWP;
				FRAMEWORK_SEARCH_PATHS = (
					"$(inherited)",
					"$(PROJECT_DIR)/Carthage/Build/iOS",
				);
				INFOPLIST_FILE = Movs/Info.plist;
				LD_RUNPATH_SEARCH_PATHS = (
					"$(inherited)",
					"@executable_path/Frameworks",
				);
				PRODUCT_BUNDLE_IDENTIFIER = br.com.hugoProjects.Movs;
				PRODUCT_NAME = "$(TARGET_NAME)";
				SWIFT_VERSION = 4.2;
				TARGETED_DEVICE_FAMILY = "1,2";
			};
			name = Testing;
		};
		63C90AEC227F8B190028A2F7 /* Testing */ = {
			isa = XCBuildConfiguration;
			buildSettings = {
				ALWAYS_EMBED_SWIFT_STANDARD_LIBRARIES = YES;
				BUNDLE_LOADER = "$(TEST_HOST)";
				CODE_SIGN_STYLE = Automatic;
				DEVELOPMENT_TEAM = D8SS8BRWWP;
				INFOPLIST_FILE = MovsTests/Info.plist;
				LD_RUNPATH_SEARCH_PATHS = (
					"$(inherited)",
					"@executable_path/Frameworks",
					"@loader_path/Frameworks",
				);
				PRODUCT_BUNDLE_IDENTIFIER = br.com.hugoProjects.MovsTests;
				PRODUCT_NAME = "$(TARGET_NAME)";
				SWIFT_VERSION = 4.2;
				TARGETED_DEVICE_FAMILY = "1,2";
				TEST_HOST = "$(BUILT_PRODUCTS_DIR)/Movs.app/Movs";
			};
			name = Testing;
		};
		63C90AED227F8B190028A2F7 /* Testing */ = {
			isa = XCBuildConfiguration;
			buildSettings = {
				ALWAYS_EMBED_SWIFT_STANDARD_LIBRARIES = YES;
				CODE_SIGN_STYLE = Automatic;
				DEVELOPMENT_TEAM = D8SS8BRWWP;
				INFOPLIST_FILE = MovsUITests/Info.plist;
				LD_RUNPATH_SEARCH_PATHS = (
					"$(inherited)",
					"@executable_path/Frameworks",
					"@loader_path/Frameworks",
				);
				PRODUCT_BUNDLE_IDENTIFIER = br.com.hugoProjects.MovsUITests;
				PRODUCT_NAME = "$(TARGET_NAME)";
				SWIFT_VERSION = 4.2;
				TARGETED_DEVICE_FAMILY = "1,2";
				TEST_TARGET_NAME = Movs;
			};
			name = Testing;
		};
/* End XCBuildConfiguration section */

/* Begin XCConfigurationList section */
		638C9AD2223AECDE006D5D9C /* Build configuration list for PBXProject "Movs" */ = {
			isa = XCConfigurationList;
			buildConfigurations = (
				638C9AFF223AECE1006D5D9C /* Debug */,
				63C90AEA227F8B190028A2F7 /* Testing */,
			);
			defaultConfigurationIsVisible = 0;
			defaultConfigurationName = Debug;
		};
		638C9B01223AECE1006D5D9C /* Build configuration list for PBXNativeTarget "Movs" */ = {
			isa = XCConfigurationList;
			buildConfigurations = (
				638C9B02223AECE1006D5D9C /* Debug */,
				63C90AEB227F8B190028A2F7 /* Testing */,
			);
			defaultConfigurationIsVisible = 0;
			defaultConfigurationName = Debug;
		};
		638C9B04223AECE1006D5D9C /* Build configuration list for PBXNativeTarget "MovsTests" */ = {
			isa = XCConfigurationList;
			buildConfigurations = (
				638C9B05223AECE1006D5D9C /* Debug */,
				63C90AEC227F8B190028A2F7 /* Testing */,
			);
			defaultConfigurationIsVisible = 0;
			defaultConfigurationName = Debug;
		};
		638C9B07223AECE1006D5D9C /* Build configuration list for PBXNativeTarget "MovsUITests" */ = {
			isa = XCConfigurationList;
			buildConfigurations = (
				638C9B08223AECE1006D5D9C /* Debug */,
				63C90AED227F8B190028A2F7 /* Testing */,
			);
			defaultConfigurationIsVisible = 0;
			defaultConfigurationName = Debug;
		};
/* End XCConfigurationList section */

/* Begin XCVersionGroup section */
		636C5DBC225D38310015CE20 /* Best_Series.xcdatamodeld */ = {
			isa = XCVersionGroup;
			children = (
				636C5DBD225D38310015CE20 /* Best_Series.xcdatamodel */,
			);
			currentVersion = 636C5DBD225D38310015CE20 /* Best_Series.xcdatamodel */;
			path = Best_Series.xcdatamodeld;
			sourceTree = "<group>";
			versionGroupType = wrapper.xcdatamodel;
		};
/* End XCVersionGroup section */
	};
	rootObject = 638C9ACF223AECDE006D5D9C /* Project object */;
}
